// !$*UTF8*$!
{
	archiveVersion = 1;
	classes = {
	};
	objectVersion = 46;
	objects = {

/* Begin PBXBuildFile section */
		5727F1AA1B07EBA500A6966F /* main.cpp in Sources */ = {isa = PBXBuildFile; fileRef = 5727F1A91B07EBA500A6966F /* main.cpp */; };
		57334D081B12382B00085754 /* main.cpp in Sources */ = {isa = PBXBuildFile; fileRef = 57334D071B12382B00085754 /* main.cpp */; };
		573AAA0B1B2C3CA100E84844 /* main.cpp in Sources */ = {isa = PBXBuildFile; fileRef = 573AAA0A1B2C3CA100E84844 /* main.cpp */; };
		573AAA0F1B2C3CB700E84844 /* ast.cpp in Sources */ = {isa = PBXBuildFile; fileRef = 57CD4CAB1B2C27E700EF9490 /* ast.cpp */; };
		573AAA131B2C419B00E84844 /* parser.cpp in Sources */ = {isa = PBXBuildFile; fileRef = 57ADD13A1B1E06E50031EB0F /* parser.cpp */; };
		573AAA141B2C41FE00E84844 /* ast.cpp in Sources */ = {isa = PBXBuildFile; fileRef = 57CD4CAB1B2C27E700EF9490 /* ast.cpp */; };
		573AAA151B2C426000E84844 /* lexer.cpp in Sources */ = {isa = PBXBuildFile; fileRef = 578EFB741B20583700A3968C /* lexer.cpp */; };
		573AAA161B2C435E00E84844 /* libLLVMSupport.a in Frameworks */ = {isa = PBXBuildFile; fileRef = 57D8FFF11B0B923100630274 /* libLLVMSupport.a */; };
		573AAA171B2C435F00E84844 /* libLLVMCore.a in Frameworks */ = {isa = PBXBuildFile; fileRef = 57D8FFED1B0B91E400630274 /* libLLVMCore.a */; };
		5752E2C61B2320A70087DD1E /* main.cpp in Sources */ = {isa = PBXBuildFile; fileRef = 5752E2C51B2320A70087DD1E /* main.cpp */; };
		5752E2CA1B2334810087DD1E /* lexer.cpp in Sources */ = {isa = PBXBuildFile; fileRef = 578EFB741B20583700A3968C /* lexer.cpp */; };
		5752E2CB1B2334890087DD1E /* parser.cpp in Sources */ = {isa = PBXBuildFile; fileRef = 57ADD13A1B1E06E50031EB0F /* parser.cpp */; };
		5752E2D51B2487930087DD1E /* main.cpp in Sources */ = {isa = PBXBuildFile; fileRef = 5752E2D41B2487930087DD1E /* main.cpp */; };
		5752E2D91B2488F50087DD1E /* lexer.cpp in Sources */ = {isa = PBXBuildFile; fileRef = 578EFB741B20583700A3968C /* lexer.cpp */; };
		578EFB761B20583700A3968C /* lexer.cpp in Sources */ = {isa = PBXBuildFile; fileRef = 578EFB741B20583700A3968C /* lexer.cpp */; };
		578EFB781B21E3A400A3968C /* lexer.cpp in Sources */ = {isa = PBXBuildFile; fileRef = 578EFB741B20583700A3968C /* lexer.cpp */; };
		57ADD1191B1B67A50031EB0F /* main.cpp in Sources */ = {isa = PBXBuildFile; fileRef = 57ADD1181B1B67A50031EB0F /* main.cpp */; };
		57ADD12C1B1B68CF0031EB0F /* main.cpp in Sources */ = {isa = PBXBuildFile; fileRef = 57ADD12B1B1B68CF0031EB0F /* main.cpp */; };
		57ADD13C1B1E06E50031EB0F /* parser.cpp in Sources */ = {isa = PBXBuildFile; fileRef = 57ADD13A1B1E06E50031EB0F /* parser.cpp */; };
		57ADD13D1B1E0CB80031EB0F /* libLLVMSupport.a in Frameworks */ = {isa = PBXBuildFile; fileRef = 57D8FFF11B0B923100630274 /* libLLVMSupport.a */; };
		57ADD13E1B1E0CBA0031EB0F /* libLLVMCore.a in Frameworks */ = {isa = PBXBuildFile; fileRef = 57D8FFED1B0B91E400630274 /* libLLVMCore.a */; };
		57CD4CAC1B2C27E700EF9490 /* ast.cpp in Sources */ = {isa = PBXBuildFile; fileRef = 57CD4CAB1B2C27E700EF9490 /* ast.cpp */; };
		57CD4CAD1B2C27E700EF9490 /* ast.cpp in Sources */ = {isa = PBXBuildFile; fileRef = 57CD4CAB1B2C27E700EF9490 /* ast.cpp */; };
		57D8FFEE1B0B91E400630274 /* libLLVMCore.a in Frameworks */ = {isa = PBXBuildFile; fileRef = 57D8FFED1B0B91E400630274 /* libLLVMCore.a */; };
		57D8FFF21B0B923100630274 /* libLLVMSupport.a in Frameworks */ = {isa = PBXBuildFile; fileRef = 57D8FFF11B0B923100630274 /* libLLVMSupport.a */; };
/* End PBXBuildFile section */

/* Begin PBXCopyFilesBuildPhase section */
		5727F1A41B07EBA500A6966F /* CopyFiles */ = {
			isa = PBXCopyFilesBuildPhase;
			buildActionMask = 2147483647;
			dstPath = /usr/share/man/man1/;
			dstSubfolderSpec = 0;
			files = (
			);
			runOnlyForDeploymentPostprocessing = 1;
		};
		57334D031B12382B00085754 /* CopyFiles */ = {
			isa = PBXCopyFilesBuildPhase;
			buildActionMask = 2147483647;
			dstPath = /usr/share/man/man1/;
			dstSubfolderSpec = 0;
			files = (
			);
			runOnlyForDeploymentPostprocessing = 1;
		};
		573AAA061B2C3CA100E84844 /* CopyFiles */ = {
			isa = PBXCopyFilesBuildPhase;
			buildActionMask = 2147483647;
			dstPath = /usr/share/man/man1/;
			dstSubfolderSpec = 0;
			files = (
			);
			runOnlyForDeploymentPostprocessing = 1;
		};
		5752E2C11B2320A70087DD1E /* CopyFiles */ = {
			isa = PBXCopyFilesBuildPhase;
			buildActionMask = 2147483647;
			dstPath = /usr/share/man/man1/;
			dstSubfolderSpec = 0;
			files = (
			);
			runOnlyForDeploymentPostprocessing = 1;
		};
		5752E2D01B2487930087DD1E /* CopyFiles */ = {
			isa = PBXCopyFilesBuildPhase;
			buildActionMask = 2147483647;
			dstPath = /usr/share/man/man1/;
			dstSubfolderSpec = 0;
			files = (
			);
			runOnlyForDeploymentPostprocessing = 1;
		};
		57ADD1141B1B67A50031EB0F /* CopyFiles */ = {
			isa = PBXCopyFilesBuildPhase;
			buildActionMask = 2147483647;
			dstPath = /usr/share/man/man1/;
			dstSubfolderSpec = 0;
			files = (
			);
			runOnlyForDeploymentPostprocessing = 1;
		};
		57ADD1271B1B68CF0031EB0F /* CopyFiles */ = {
			isa = PBXCopyFilesBuildPhase;
			buildActionMask = 2147483647;
			dstPath = /usr/share/man/man1/;
			dstSubfolderSpec = 0;
			files = (
			);
			runOnlyForDeploymentPostprocessing = 1;
		};
/* End PBXCopyFilesBuildPhase section */

/* Begin PBXFileReference section */
		571AB4E71B18BC8200B866E2 /* integertypedefs.h */ = {isa = PBXFileReference; lastKnownFileType = sourcecode.c.h; path = integertypedefs.h; sourceTree = "<group>"; };
		571AB4E91B1A0E3800B866E2 /* verysimple.v */ = {isa = PBXFileReference; fileEncoding = 4; lastKnownFileType = text; lineEnding = 0; name = verysimple.v; path = vfiles/verysimple.v; sourceTree = "<group>"; };
		571AB4EA1B1A0EC400B866E2 /* getfilecontents.h */ = {isa = PBXFileReference; lastKnownFileType = sourcecode.c.h; path = getfilecontents.h; sourceTree = "<group>"; };
		5727F1A61B07EBA500A6966F /* lvc */ = {isa = PBXFileReference; explicitFileType = "compiled.mach-o.executable"; includeInIndex = 0; path = lvc; sourceTree = BUILT_PRODUCTS_DIR; };
		5727F1A91B07EBA500A6966F /* main.cpp */ = {isa = PBXFileReference; lastKnownFileType = sourcecode.cpp.cpp; path = main.cpp; sourceTree = "<group>"; };
		57334CF71B10D23500085754 /* ireader.h */ = {isa = PBXFileReference; fileEncoding = 4; lastKnownFileType = sourcecode.c.h; path = ireader.h; sourceTree = "<group>"; };
		57334CFC1B10EBD700085754 /* stringreader.h */ = {isa = PBXFileReference; fileEncoding = 4; lastKnownFileType = sourcecode.c.h; path = stringreader.h; sourceTree = "<group>"; };
		57334D051B12382B00085754 /* lexertest */ = {isa = PBXFileReference; explicitFileType = "compiled.mach-o.executable"; includeInIndex = 0; path = lexertest; sourceTree = BUILT_PRODUCTS_DIR; };
		57334D071B12382B00085754 /* main.cpp */ = {isa = PBXFileReference; lastKnownFileType = sourcecode.cpp.cpp; path = main.cpp; sourceTree = "<group>"; };
		573AAA081B2C3CA100E84844 /* irtest */ = {isa = PBXFileReference; explicitFileType = "compiled.mach-o.executable"; includeInIndex = 0; path = irtest; sourceTree = BUILT_PRODUCTS_DIR; };
		573AAA0A1B2C3CA100E84844 /* main.cpp */ = {isa = PBXFileReference; lastKnownFileType = sourcecode.cpp.cpp; path = main.cpp; sourceTree = "<group>"; };
		5752E2C31B2320A70087DD1E /* parsertest */ = {isa = PBXFileReference; explicitFileType = "compiled.mach-o.executable"; includeInIndex = 0; path = parsertest; sourceTree = BUILT_PRODUCTS_DIR; };
		5752E2C51B2320A70087DD1E /* main.cpp */ = {isa = PBXFileReference; lastKnownFileType = sourcecode.cpp.cpp; path = main.cpp; sourceTree = "<group>"; };
		5752E2CC1B2339E60087DD1E /* parserexception.h */ = {isa = PBXFileReference; lastKnownFileType = sourcecode.c.h; path = parserexception.h; sourceTree = "<group>"; };
		5752E2CD1B233A980087DD1E /* lexerexception.h */ = {isa = PBXFileReference; lastKnownFileType = sourcecode.c.h; path = lexerexception.h; sourceTree = "<group>"; };
		5752E2D21B2487930087DD1E /* lexerbuffertest */ = {isa = PBXFileReference; explicitFileType = "compiled.mach-o.executable"; includeInIndex = 0; path = lexerbuffertest; sourceTree = BUILT_PRODUCTS_DIR; };
		5752E2D41B2487930087DD1E /* main.cpp */ = {isa = PBXFileReference; lastKnownFileType = sourcecode.cpp.cpp; path = main.cpp; sourceTree = "<group>"; };
		5752E2DA1B248AAB0087DD1E /* primitivetypeenum.h */ = {isa = PBXFileReference; lastKnownFileType = sourcecode.c.h; path = primitivetypeenum.h; sourceTree = "<group>"; };
		5752E2DB1B25C4BE0087DD1E /* iissuereporter.h */ = {isa = PBXFileReference; lastKnownFileType = sourcecode.c.h; path = iissuereporter.h; sourceTree = "<group>"; };
		578EFB741B20583700A3968C /* lexer.cpp */ = {isa = PBXFileReference; fileEncoding = 4; lastKnownFileType = sourcecode.cpp.cpp; path = lexer.cpp; sourceTree = "<group>"; };
		578EFB751B20583700A3968C /* lexer.h */ = {isa = PBXFileReference; fileEncoding = 4; lastKnownFileType = sourcecode.c.h; path = lexer.h; sourceTree = "<group>"; };
		578EFB7A1B2239F200A3968C /* lexerbuffer.h */ = {isa = PBXFileReference; lastKnownFileType = sourcecode.c.h; path = lexerbuffer.h; sourceTree = "<group>"; };
		57ADD1161B1B67A50031EB0F /* asttest */ = {isa = PBXFileReference; explicitFileType = "compiled.mach-o.executable"; includeInIndex = 0; path = asttest; sourceTree = BUILT_PRODUCTS_DIR; };
		57ADD1181B1B67A50031EB0F /* main.cpp */ = {isa = PBXFileReference; lastKnownFileType = sourcecode.cpp.cpp; path = main.cpp; sourceTree = "<group>"; };
		57ADD1291B1B68CF0031EB0F /* llvmplayground */ = {isa = PBXFileReference; explicitFileType = "compiled.mach-o.executable"; includeInIndex = 0; path = llvmplayground; sourceTree = BUILT_PRODUCTS_DIR; };
		57ADD12B1B1B68CF0031EB0F /* main.cpp */ = {isa = PBXFileReference; lastKnownFileType = sourcecode.cpp.cpp; path = main.cpp; sourceTree = "<group>"; };
		57ADD1361B1DFB7E0031EB0F /* cerrissuereporter.h */ = {isa = PBXFileReference; lastKnownFileType = sourcecode.c.h; path = cerrissuereporter.h; sourceTree = "<group>"; };
		57ADD13A1B1E06E50031EB0F /* parser.cpp */ = {isa = PBXFileReference; fileEncoding = 4; lastKnownFileType = sourcecode.cpp.cpp; path = parser.cpp; sourceTree = "<group>"; };
		57ADD13B1B1E06E50031EB0F /* parser.h */ = {isa = PBXFileReference; fileEncoding = 4; lastKnownFileType = sourcecode.c.h; path = parser.h; sourceTree = "<group>"; };
		57C7F4021B2B52A9006A9E74 /* irgenvisitor.h */ = {isa = PBXFileReference; fileEncoding = 4; lastKnownFileType = sourcecode.c.h; path = irgenvisitor.h; sourceTree = "<group>"; };
		57CD4CAB1B2C27E700EF9490 /* ast.cpp */ = {isa = PBXFileReference; fileEncoding = 4; lastKnownFileType = sourcecode.cpp.cpp; path = ast.cpp; sourceTree = "<group>"; };
		57CD4CAF1B2C280A00EF9490 /* inodevisitor.h */ = {isa = PBXFileReference; lastKnownFileType = sourcecode.c.h; path = inodevisitor.h; sourceTree = "<group>"; };
		57D426BB1B231DE0005B5D61 /* testutil.h */ = {isa = PBXFileReference; lastKnownFileType = sourcecode.c.h; path = testutil.h; sourceTree = "<group>"; };
		57D8FFE61B089E8300630274 /* ast.h */ = {isa = PBXFileReference; lastKnownFileType = sourcecode.c.h; path = ast.h; sourceTree = "<group>"; };
		57D8FFEA1B08A19400630274 /* token.h */ = {isa = PBXFileReference; lastKnownFileType = sourcecode.c.h; path = token.h; sourceTree = "<group>"; };
		57D8FFED1B0B91E400630274 /* libLLVMCore.a */ = {isa = PBXFileReference; lastKnownFileType = archive.ar; name = libLLVMCore.a; path = ../../../llvm/install/lib/libLLVMCore.a; sourceTree = "<group>"; };
		57D8FFF11B0B923100630274 /* libLLVMSupport.a */ = {isa = PBXFileReference; lastKnownFileType = archive.ar; name = libLLVMSupport.a; path = ../../../llvm/install/lib/libLLVMSupport.a; sourceTree = "<group>"; };
		57DE87451B1F2A9300143D74 /* ilexer.h */ = {isa = PBXFileReference; lastKnownFileType = sourcecode.c.h; path = ilexer.h; sourceTree = "<group>"; };
/* End PBXFileReference section */

/* Begin PBXFrameworksBuildPhase section */
		5727F1A31B07EBA500A6966F /* Frameworks */ = {
			isa = PBXFrameworksBuildPhase;
			buildActionMask = 2147483647;
			files = (
				57D8FFF21B0B923100630274 /* libLLVMSupport.a in Frameworks */,
				57D8FFEE1B0B91E400630274 /* libLLVMCore.a in Frameworks */,
			);
			runOnlyForDeploymentPostprocessing = 0;
		};
		57334D021B12382B00085754 /* Frameworks */ = {
			isa = PBXFrameworksBuildPhase;
			buildActionMask = 2147483647;
			files = (
			);
			runOnlyForDeploymentPostprocessing = 0;
		};
		573AAA051B2C3CA100E84844 /* Frameworks */ = {
			isa = PBXFrameworksBuildPhase;
			buildActionMask = 2147483647;
			files = (
				573AAA161B2C435E00E84844 /* libLLVMSupport.a in Frameworks */,
				573AAA171B2C435F00E84844 /* libLLVMCore.a in Frameworks */,
			);
			runOnlyForDeploymentPostprocessing = 0;
		};
		5752E2C01B2320A70087DD1E /* Frameworks */ = {
			isa = PBXFrameworksBuildPhase;
			buildActionMask = 2147483647;
			files = (
			);
			runOnlyForDeploymentPostprocessing = 0;
		};
		5752E2CF1B2487930087DD1E /* Frameworks */ = {
			isa = PBXFrameworksBuildPhase;
			buildActionMask = 2147483647;
			files = (
			);
			runOnlyForDeploymentPostprocessing = 0;
		};
		57ADD1131B1B67A50031EB0F /* Frameworks */ = {
			isa = PBXFrameworksBuildPhase;
			buildActionMask = 2147483647;
			files = (
			);
			runOnlyForDeploymentPostprocessing = 0;
		};
		57ADD1261B1B68CF0031EB0F /* Frameworks */ = {
			isa = PBXFrameworksBuildPhase;
			buildActionMask = 2147483647;
			files = (
				57ADD13D1B1E0CB80031EB0F /* libLLVMSupport.a in Frameworks */,
				57ADD13E1B1E0CBA0031EB0F /* libLLVMCore.a in Frameworks */,
			);
			runOnlyForDeploymentPostprocessing = 0;
		};
/* End PBXFrameworksBuildPhase section */

/* Begin PBXGroup section */
		571AB4E81B1A0E0C00B866E2 /* vfiles */ = {
			isa = PBXGroup;
			children = (
				571AB4E91B1A0E3800B866E2 /* verysimple.v */,
			);
			name = vfiles;
			sourceTree = "<group>";
		};
		5727F19D1B07EBA500A6966F = {
			isa = PBXGroup;
			children = (
				57D8FFF11B0B923100630274 /* libLLVMSupport.a */,
				57D8FFED1B0B91E400630274 /* libLLVMCore.a */,
				57ADD12A1B1B68CF0031EB0F /* llvmplayground */,
				571AB4E81B1A0E0C00B866E2 /* vfiles */,
				57D8FFDF1B0893B000630274 /* tests */,
				5727F1A81B07EBA500A6966F /* lvc */,
				5727F1A71B07EBA500A6966F /* Products */,
			);
			sourceTree = "<group>";
		};
		5727F1A71B07EBA500A6966F /* Products */ = {
			isa = PBXGroup;
			children = (
				5727F1A61B07EBA500A6966F /* lvc */,
				57334D051B12382B00085754 /* lexertest */,
				57ADD1161B1B67A50031EB0F /* asttest */,
				57ADD1291B1B68CF0031EB0F /* llvmplayground */,
				5752E2C31B2320A70087DD1E /* parsertest */,
				5752E2D21B2487930087DD1E /* lexerbuffertest */,
				573AAA081B2C3CA100E84844 /* irtest */,
			);
			name = Products;
			sourceTree = "<group>";
		};
		5727F1A81B07EBA500A6966F /* lvc */ = {
			isa = PBXGroup;
			children = (
				5752E2DA1B248AAB0087DD1E /* primitivetypeenum.h */,
				57D8FFEA1B08A19400630274 /* token.h */,
				57CD4CAA1B2C27C100EF9490 /* ast */,
				57334CE01B1076E300085754 /* util */,
				57ADD1341B1DBC7A0031EB0F /* issuereporter */,
				57D8FFE01B0893BB00630274 /* lexer */,
				57ADD1301B1CBB070031EB0F /* parser */,
				57C2A0221B28705E0013F2DD /* irgen */,
				5727F1A91B07EBA500A6966F /* main.cpp */,
			);
			path = lvc;
			sourceTree = "<group>";
		};
		57334CE01B1076E300085754 /* util */ = {
			isa = PBXGroup;
			children = (
				571AB4EA1B1A0EC400B866E2 /* getfilecontents.h */,
				571AB4E71B18BC8200B866E2 /* integertypedefs.h */,
			);
			name = util;
			sourceTree = "<group>";
		};
		57334D061B12382B00085754 /* lexertest */ = {
			isa = PBXGroup;
			children = (
				57334D071B12382B00085754 /* main.cpp */,
			);
			name = lexertest;
			path = ../lexertest;
			sourceTree = "<group>";
		};
		573AAA091B2C3CA100E84844 /* irtest */ = {
			isa = PBXGroup;
			children = (
				573AAA0A1B2C3CA100E84844 /* main.cpp */,
			);
			name = irtest;
			path = ../irtest;
			sourceTree = "<group>";
		};
		5752E2C41B2320A70087DD1E /* parsertest */ = {
			isa = PBXGroup;
			children = (
				5752E2C51B2320A70087DD1E /* main.cpp */,
			);
			name = parsertest;
			path = ../parsertest;
			sourceTree = "<group>";
		};
		5752E2D31B2487930087DD1E /* lexerbuffertest */ = {
			isa = PBXGroup;
			children = (
				5752E2D41B2487930087DD1E /* main.cpp */,
			);
			name = lexerbuffertest;
			path = ../lexerbuffertest;
			sourceTree = "<group>";
		};
		57ADD1171B1B67A50031EB0F /* asttest */ = {
			isa = PBXGroup;
			children = (
				57ADD1181B1B67A50031EB0F /* main.cpp */,
			);
			name = asttest;
			path = ../asttest;
			sourceTree = "<group>";
		};
		57ADD12A1B1B68CF0031EB0F /* llvmplayground */ = {
			isa = PBXGroup;
			children = (
				57ADD12B1B1B68CF0031EB0F /* main.cpp */,
			);
			path = llvmplayground;
			sourceTree = "<group>";
		};
		57ADD1301B1CBB070031EB0F /* parser */ = {
			isa = PBXGroup;
			children = (
				57ADD13A1B1E06E50031EB0F /* parser.cpp */,
				57ADD13B1B1E06E50031EB0F /* parser.h */,
				5752E2CC1B2339E60087DD1E /* parserexception.h */,
			);
			name = parser;
			sourceTree = "<group>";
		};
		57ADD1341B1DBC7A0031EB0F /* issuereporter */ = {
			isa = PBXGroup;
			children = (
				5752E2DB1B25C4BE0087DD1E /* iissuereporter.h */,
				57ADD1361B1DFB7E0031EB0F /* cerrissuereporter.h */,
			);
			name = issuereporter;
			sourceTree = "<group>";
		};
		57C2A0221B28705E0013F2DD /* irgen */ = {
			isa = PBXGroup;
			children = (
				57C7F4021B2B52A9006A9E74 /* irgenvisitor.h */,
			);
			name = irgen;
			sourceTree = "<group>";
		};
		57CD4CAA1B2C27C100EF9490 /* ast */ = {
			isa = PBXGroup;
			children = (
				57D8FFE61B089E8300630274 /* ast.h */,
				57CD4CAB1B2C27E700EF9490 /* ast.cpp */,
				57CD4CAF1B2C280A00EF9490 /* inodevisitor.h */,
			);
			name = ast;
			sourceTree = "<group>";
		};
		57D8FFDF1B0893B000630274 /* tests */ = {
			isa = PBXGroup;
			children = (
				57D426BB1B231DE0005B5D61 /* testutil.h */,
				57ADD1171B1B67A50031EB0F /* asttest */,
				57334D061B12382B00085754 /* lexertest */,
				5752E2C41B2320A70087DD1E /* parsertest */,
				5752E2D31B2487930087DD1E /* lexerbuffertest */,
				573AAA091B2C3CA100E84844 /* irtest */,
			);
			name = tests;
			path = lvc;
			sourceTree = "<group>";
		};
		57D8FFE01B0893BB00630274 /* lexer */ = {
			isa = PBXGroup;
			children = (
				57334CF71B10D23500085754 /* ireader.h */,
				57334CFC1B10EBD700085754 /* stringreader.h */,
				578EFB741B20583700A3968C /* lexer.cpp */,
				578EFB751B20583700A3968C /* lexer.h */,
				57DE87451B1F2A9300143D74 /* ilexer.h */,
				578EFB7A1B2239F200A3968C /* lexerbuffer.h */,
				5752E2CD1B233A980087DD1E /* lexerexception.h */,
			);
			name = lexer;
			sourceTree = "<group>";
		};
/* End PBXGroup section */

/* Begin PBXNativeTarget section */
		5727F1A51B07EBA500A6966F /* lvc */ = {
			isa = PBXNativeTarget;
			buildConfigurationList = 5727F1AD1B07EBA500A6966F /* Build configuration list for PBXNativeTarget "lvc" */;
			buildPhases = (
				5727F1A21B07EBA500A6966F /* Sources */,
				5727F1A31B07EBA500A6966F /* Frameworks */,
				5727F1A41B07EBA500A6966F /* CopyFiles */,
			);
			buildRules = (
			);
			dependencies = (
			);
			name = lvc;
			productName = lvc;
			productReference = 5727F1A61B07EBA500A6966F /* lvc */;
			productType = "com.apple.product-type.tool";
		};
		57334D041B12382B00085754 /* lexertest */ = {
			isa = PBXNativeTarget;
			buildConfigurationList = 57334D091B12382B00085754 /* Build configuration list for PBXNativeTarget "lexertest" */;
			buildPhases = (
				57334D011B12382B00085754 /* Sources */,
				57334D021B12382B00085754 /* Frameworks */,
				57334D031B12382B00085754 /* CopyFiles */,
			);
			buildRules = (
			);
			dependencies = (
			);
			name = lexertest;
			productName = lexertest;
			productReference = 57334D051B12382B00085754 /* lexertest */;
			productType = "com.apple.product-type.tool";
		};
		573AAA071B2C3CA100E84844 /* irtest */ = {
			isa = PBXNativeTarget;
			buildConfigurationList = 573AAA0C1B2C3CA100E84844 /* Build configuration list for PBXNativeTarget "irtest" */;
			buildPhases = (
				573AAA041B2C3CA100E84844 /* Sources */,
				573AAA051B2C3CA100E84844 /* Frameworks */,
				573AAA061B2C3CA100E84844 /* CopyFiles */,
			);
			buildRules = (
			);
			dependencies = (
			);
			name = irtest;
			productName = irtest;
			productReference = 573AAA081B2C3CA100E84844 /* irtest */;
			productType = "com.apple.product-type.tool";
		};
		5752E2C21B2320A70087DD1E /* parsertest */ = {
			isa = PBXNativeTarget;
			buildConfigurationList = 5752E2C91B2320A70087DD1E /* Build configuration list for PBXNativeTarget "parsertest" */;
			buildPhases = (
				5752E2BF1B2320A70087DD1E /* Sources */,
				5752E2C01B2320A70087DD1E /* Frameworks */,
				5752E2C11B2320A70087DD1E /* CopyFiles */,
			);
			buildRules = (
			);
			dependencies = (
			);
			name = parsertest;
			productName = parsertest;
			productReference = 5752E2C31B2320A70087DD1E /* parsertest */;
			productType = "com.apple.product-type.tool";
		};
		5752E2D11B2487930087DD1E /* lexerbuffertest */ = {
			isa = PBXNativeTarget;
			buildConfigurationList = 5752E2D61B2487930087DD1E /* Build configuration list for PBXNativeTarget "lexerbuffertest" */;
			buildPhases = (
				5752E2CE1B2487930087DD1E /* Sources */,
				5752E2CF1B2487930087DD1E /* Frameworks */,
				5752E2D01B2487930087DD1E /* CopyFiles */,
			);
			buildRules = (
			);
			dependencies = (
			);
			name = lexerbuffertest;
			productName = lexerbuffertest;
			productReference = 5752E2D21B2487930087DD1E /* lexerbuffertest */;
			productType = "com.apple.product-type.tool";
		};
		57ADD1151B1B67A50031EB0F /* asttest */ = {
			isa = PBXNativeTarget;
			buildConfigurationList = 57ADD11A1B1B67A50031EB0F /* Build configuration list for PBXNativeTarget "asttest" */;
			buildPhases = (
				57ADD1121B1B67A50031EB0F /* Sources */,
				57ADD1131B1B67A50031EB0F /* Frameworks */,
				57ADD1141B1B67A50031EB0F /* CopyFiles */,
			);
			buildRules = (
			);
			dependencies = (
			);
			name = asttest;
			productName = asttest;
			productReference = 57ADD1161B1B67A50031EB0F /* asttest */;
			productType = "com.apple.product-type.tool";
		};
		57ADD1281B1B68CF0031EB0F /* llvmplayground */ = {
			isa = PBXNativeTarget;
			buildConfigurationList = 57ADD12D1B1B68CF0031EB0F /* Build configuration list for PBXNativeTarget "llvmplayground" */;
			buildPhases = (
				57ADD1251B1B68CF0031EB0F /* Sources */,
				57ADD1261B1B68CF0031EB0F /* Frameworks */,
				57ADD1271B1B68CF0031EB0F /* CopyFiles */,
			);
			buildRules = (
			);
			dependencies = (
			);
			name = llvmplayground;
			productName = llvmplayground;
			productReference = 57ADD1291B1B68CF0031EB0F /* llvmplayground */;
			productType = "com.apple.product-type.tool";
		};
/* End PBXNativeTarget section */

/* Begin PBXProject section */
		5727F19E1B07EBA500A6966F /* Project object */ = {
			isa = PBXProject;
			attributes = {
				LastUpgradeCheck = 0630;
				ORGANIZATIONNAME = "Lloyd Everett";
				TargetAttributes = {
					5727F1A51B07EBA500A6966F = {
						CreatedOnToolsVersion = 6.3.1;
					};
					57334D041B12382B00085754 = {
						CreatedOnToolsVersion = 6.3.2;
					};
					573AAA071B2C3CA100E84844 = {
						CreatedOnToolsVersion = 6.3.2;
					};
					5752E2C21B2320A70087DD1E = {
						CreatedOnToolsVersion = 6.3.2;
					};
					5752E2D11B2487930087DD1E = {
						CreatedOnToolsVersion = 6.3.2;
					};
					57ADD1151B1B67A50031EB0F = {
						CreatedOnToolsVersion = 6.3.2;
					};
					57ADD1281B1B68CF0031EB0F = {
						CreatedOnToolsVersion = 6.3.2;
					};
				};
			};
			buildConfigurationList = 5727F1A11B07EBA500A6966F /* Build configuration list for PBXProject "lvc" */;
			compatibilityVersion = "Xcode 3.2";
			developmentRegion = English;
			hasScannedForEncodings = 0;
			knownRegions = (
				en,
			);
			mainGroup = 5727F19D1B07EBA500A6966F;
			productRefGroup = 5727F1A71B07EBA500A6966F /* Products */;
			projectDirPath = "";
			projectRoot = "";
			targets = (
				5727F1A51B07EBA500A6966F /* lvc */,
				57334D041B12382B00085754 /* lexertest */,
				57ADD1151B1B67A50031EB0F /* asttest */,
				57ADD1281B1B68CF0031EB0F /* llvmplayground */,
				5752E2C21B2320A70087DD1E /* parsertest */,
				5752E2D11B2487930087DD1E /* lexerbuffertest */,
				573AAA071B2C3CA100E84844 /* irtest */,
			);
		};
/* End PBXProject section */

/* Begin PBXSourcesBuildPhase section */
		5727F1A21B07EBA500A6966F /* Sources */ = {
			isa = PBXSourcesBuildPhase;
			buildActionMask = 2147483647;
			files = (
				57ADD13C1B1E06E50031EB0F /* parser.cpp in Sources */,
				57CD4CAC1B2C27E700EF9490 /* ast.cpp in Sources */,
				5727F1AA1B07EBA500A6966F /* main.cpp in Sources */,
				578EFB761B20583700A3968C /* lexer.cpp in Sources */,
			);
			runOnlyForDeploymentPostprocessing = 0;
		};
		57334D011B12382B00085754 /* Sources */ = {
			isa = PBXSourcesBuildPhase;
			buildActionMask = 2147483647;
			files = (
				578EFB781B21E3A400A3968C /* lexer.cpp in Sources */,
				57334D081B12382B00085754 /* main.cpp in Sources */,
			);
			runOnlyForDeploymentPostprocessing = 0;
		};
		573AAA041B2C3CA100E84844 /* Sources */ = {
			isa = PBXSourcesBuildPhase;
			buildActionMask = 2147483647;
			files = (
				573AAA141B2C41FE00E84844 /* ast.cpp in Sources */,
				573AAA131B2C419B00E84844 /* parser.cpp in Sources */,
				573AAA151B2C426000E84844 /* lexer.cpp in Sources */,
				573AAA0B1B2C3CA100E84844 /* main.cpp in Sources */,
			);
			runOnlyForDeploymentPostprocessing = 0;
		};
		5752E2BF1B2320A70087DD1E /* Sources */ = {
			isa = PBXSourcesBuildPhase;
			buildActionMask = 2147483647;
			files = (
				573AAA0F1B2C3CB700E84844 /* ast.cpp in Sources */,
				5752E2CA1B2334810087DD1E /* lexer.cpp in Sources */,
				5752E2CB1B2334890087DD1E /* parser.cpp in Sources */,
				5752E2C61B2320A70087DD1E /* main.cpp in Sources */,
			);
			runOnlyForDeploymentPostprocessing = 0;
		};
		5752E2CE1B2487930087DD1E /* Sources */ = {
			isa = PBXSourcesBuildPhase;
			buildActionMask = 2147483647;
			files = (
				5752E2D91B2488F50087DD1E /* lexer.cpp in Sources */,
				5752E2D51B2487930087DD1E /* main.cpp in Sources */,
			);
			runOnlyForDeploymentPostprocessing = 0;
		};
		57ADD1121B1B67A50031EB0F /* Sources */ = {
			isa = PBXSourcesBuildPhase;
			buildActionMask = 2147483647;
			files = (
				57CD4CAD1B2C27E700EF9490 /* ast.cpp in Sources */,
				57ADD1191B1B67A50031EB0F /* main.cpp in Sources */,
			);
			runOnlyForDeploymentPostprocessing = 0;
		};
		57ADD1251B1B68CF0031EB0F /* Sources */ = {
			isa = PBXSourcesBuildPhase;
			buildActionMask = 2147483647;
			files = (
				57ADD12C1B1B68CF0031EB0F /* main.cpp in Sources */,
			);
			runOnlyForDeploymentPostprocessing = 0;
		};
/* End PBXSourcesBuildPhase section */

/* Begin XCBuildConfiguration section */
		5727F1AB1B07EBA500A6966F /* Debug */ = {
			isa = XCBuildConfiguration;
			buildSettings = {
				ALWAYS_SEARCH_USER_PATHS = NO;
				CLANG_CXX_LANGUAGE_STANDARD = "c++14";
				CLANG_CXX_LIBRARY = "libc++";
				CLANG_ENABLE_MODULES = YES;
				CLANG_ENABLE_OBJC_ARC = YES;
				CLANG_WARN_BOOL_CONVERSION = YES;
				CLANG_WARN_CONSTANT_CONVERSION = YES;
				CLANG_WARN_DIRECT_OBJC_ISA_USAGE = YES_ERROR;
				CLANG_WARN_EMPTY_BODY = YES;
				CLANG_WARN_ENUM_CONVERSION = YES;
				CLANG_WARN_INT_CONVERSION = YES;
				CLANG_WARN_OBJC_ROOT_CLASS = YES_ERROR;
				CLANG_WARN_UNREACHABLE_CODE = YES;
				CLANG_WARN__DUPLICATE_METHOD_MATCH = YES;
				COPY_PHASE_STRIP = NO;
				DEBUG_INFORMATION_FORMAT = dwarf;
				ENABLE_STRICT_OBJC_MSGSEND = YES;
				GCC_C_LANGUAGE_STANDARD = gnu99;
				GCC_DYNAMIC_NO_PIC = NO;
				GCC_NO_COMMON_BLOCKS = YES;
				GCC_OPTIMIZATION_LEVEL = 0;
				GCC_PREPROCESSOR_DEFINITIONS = (
					"DEBUG=1",
					__STDC_CONSTANT_MACROS,
					__STDC_LIMIT_MACROS,
					"VFILES_DIR=\\\"$(SRCROOT)/vfiles\\\"",
				);
				GCC_SYMBOLS_PRIVATE_EXTERN = NO;
				GCC_WARN_64_TO_32_BIT_CONVERSION = YES;
				GCC_WARN_ABOUT_RETURN_TYPE = YES_ERROR;
				GCC_WARN_UNDECLARED_SELECTOR = YES;
				GCC_WARN_UNINITIALIZED_AUTOS = YES_AGGRESSIVE;
				GCC_WARN_UNUSED_FUNCTION = YES;
				GCC_WARN_UNUSED_VARIABLE = YES;
				HEADER_SEARCH_PATHS = (
					"$(inherited)",
					/Applications/Xcode.app/Contents/Developer/Toolchains/XcodeDefault.xctoolchain/usr/include,
					/Users/lloydeverett/llvm/install/include,
				);
				MACOSX_DEPLOYMENT_TARGET = 10.10;
				MTL_ENABLE_DEBUG_INFO = YES;
				ONLY_ACTIVE_ARCH = YES;
				OTHER_LDFLAGS = "-lncurses";
				SDKROOT = macosx;
			};
			name = Debug;
		};
		5727F1AC1B07EBA500A6966F /* Release */ = {
			isa = XCBuildConfiguration;
			buildSettings = {
				ALWAYS_SEARCH_USER_PATHS = NO;
				CLANG_CXX_LANGUAGE_STANDARD = "c++14";
				CLANG_CXX_LIBRARY = "libc++";
				CLANG_ENABLE_MODULES = YES;
				CLANG_ENABLE_OBJC_ARC = YES;
				CLANG_WARN_BOOL_CONVERSION = YES;
				CLANG_WARN_CONSTANT_CONVERSION = YES;
				CLANG_WARN_DIRECT_OBJC_ISA_USAGE = YES_ERROR;
				CLANG_WARN_EMPTY_BODY = YES;
				CLANG_WARN_ENUM_CONVERSION = YES;
				CLANG_WARN_INT_CONVERSION = YES;
				CLANG_WARN_OBJC_ROOT_CLASS = YES_ERROR;
				CLANG_WARN_UNREACHABLE_CODE = YES;
				CLANG_WARN__DUPLICATE_METHOD_MATCH = YES;
				COPY_PHASE_STRIP = NO;
				DEBUG_INFORMATION_FORMAT = "dwarf-with-dsym";
				ENABLE_NS_ASSERTIONS = NO;
				ENABLE_STRICT_OBJC_MSGSEND = YES;
				GCC_C_LANGUAGE_STANDARD = gnu99;
				GCC_NO_COMMON_BLOCKS = YES;
				GCC_PREPROCESSOR_DEFINITIONS = (
					__STDC_LIMIT_MACROS,
					__STDC_CONSTANT_MACROS,
					"VFILES_DIR=\\\"$(SRCROOT)/vfiles\\\"",
				);
				GCC_WARN_64_TO_32_BIT_CONVERSION = YES;
				GCC_WARN_ABOUT_RETURN_TYPE = YES_ERROR;
				GCC_WARN_UNDECLARED_SELECTOR = YES;
				GCC_WARN_UNINITIALIZED_AUTOS = YES_AGGRESSIVE;
				GCC_WARN_UNUSED_FUNCTION = YES;
				GCC_WARN_UNUSED_VARIABLE = YES;
				HEADER_SEARCH_PATHS = (
					"$(inherited)",
					/Applications/Xcode.app/Contents/Developer/Toolchains/XcodeDefault.xctoolchain/usr/include,
					/Users/lloydeverett/llvm/install/include,
				);
				MACOSX_DEPLOYMENT_TARGET = 10.10;
				MTL_ENABLE_DEBUG_INFO = NO;
				OTHER_LDFLAGS = "-lncurses";
				SDKROOT = macosx;
			};
			name = Release;
		};
		5727F1AE1B07EBA500A6966F /* Debug */ = {
			isa = XCBuildConfiguration;
			buildSettings = {
				LIBRARY_SEARCH_PATHS = (
					"$(inherited)",
					/Users/lloydeverett/llvm/install/lib,
				);
				PRODUCT_NAME = "$(TARGET_NAME)";
			};
			name = Debug;
		};
		5727F1AF1B07EBA500A6966F /* Release */ = {
			isa = XCBuildConfiguration;
			buildSettings = {
				LIBRARY_SEARCH_PATHS = (
					"$(inherited)",
					/Users/lloydeverett/llvm/install/lib,
				);
				PRODUCT_NAME = "$(TARGET_NAME)";
			};
			name = Release;
		};
		57334D0A1B12382B00085754 /* Debug */ = {
			isa = XCBuildConfiguration;
			buildSettings = {
				GCC_PREPROCESSOR_DEFINITIONS = (
					"DEBUG=1",
					"$(inherited)",
				);
				PRODUCT_NAME = "$(TARGET_NAME)";
			};
			name = Debug;
		};
		57334D0B1B12382B00085754 /* Release */ = {
			isa = XCBuildConfiguration;
			buildSettings = {
				PRODUCT_NAME = "$(TARGET_NAME)";
			};
			name = Release;
		};
		573AAA0D1B2C3CA100E84844 /* Debug */ = {
			isa = XCBuildConfiguration;
			buildSettings = {
				CLANG_CXX_LANGUAGE_STANDARD = "c++14";
				GCC_PREPROCESSOR_DEFINITIONS = (
					"DEBUG=1",
					"$(inherited)",
				);
				LIBRARY_SEARCH_PATHS = (
					"$(inherited)",
					/Users/lloydeverett/llvm/install/lib,
				);
				PRODUCT_NAME = "$(TARGET_NAME)";
			};
			name = Debug;
		};
		573AAA0E1B2C3CA100E84844 /* Release */ = {
			isa = XCBuildConfiguration;
			buildSettings = {
				CLANG_CXX_LANGUAGE_STANDARD = "c++14";
				LIBRARY_SEARCH_PATHS = (
					"$(inherited)",
					/Users/lloydeverett/llvm/install/lib,
				);
				PRODUCT_NAME = "$(TARGET_NAME)";
			};
			name = Release;
		};
		5752E2C71B2320A70087DD1E /* Debug */ = {
			isa = XCBuildConfiguration;
			buildSettings = {
				GCC_PREPROCESSOR_DEFINITIONS = (
					"DEBUG=1",
					"$(inherited)",
				);
				PRODUCT_NAME = "$(TARGET_NAME)";
			};
			name = Debug;
		};
		5752E2C81B2320A70087DD1E /* Release */ = {
			isa = XCBuildConfiguration;
			buildSettings = {
				PRODUCT_NAME = "$(TARGET_NAME)";
			};
			name = Release;
		};
		5752E2D71B2487930087DD1E /* Debug */ = {
			isa = XCBuildConfiguration;
			buildSettings = {
				GCC_PREPROCESSOR_DEFINITIONS = (
					"DEBUG=1",
					"$(inherited)",
				);
				PRODUCT_NAME = "$(TARGET_NAME)";
			};
			name = Debug;
		};
		5752E2D81B2487930087DD1E /* Release */ = {
			isa = XCBuildConfiguration;
			buildSettings = {
				PRODUCT_NAME = "$(TARGET_NAME)";
			};
			name = Release;
		};
		57ADD11B1B1B67A50031EB0F /* Debug */ = {
			isa = XCBuildConfiguration;
			buildSettings = {
				GCC_PREPROCESSOR_DEFINITIONS = (
					"DEBUG=1",
					"$(inherited)",
				);
				PRODUCT_NAME = "$(TARGET_NAME)";
			};
			name = Debug;
		};
		57ADD11C1B1B67A50031EB0F /* Release */ = {
			isa = XCBuildConfiguration;
			buildSettings = {
				PRODUCT_NAME = "$(TARGET_NAME)";
			};
			name = Release;
		};
		57ADD12E1B1B68CF0031EB0F /* Debug */ = {
			isa = XCBuildConfiguration;
			buildSettings = {
				GCC_PREPROCESSOR_DEFINITIONS = (
					"DEBUG=1",
					"$(inherited)",
				);
				LIBRARY_SEARCH_PATHS = (
					"$(inherited)",
					/Users/lloydeverett/llvm/install/lib,
				);
				PRODUCT_NAME = "$(TARGET_NAME)";
			};
			name = Debug;
		};
		57ADD12F1B1B68CF0031EB0F /* Release */ = {
			isa = XCBuildConfiguration;
			buildSettings = {
				LIBRARY_SEARCH_PATHS = (
					"$(inherited)",
					/Users/lloydeverett/llvm/install/lib,
				);
				PRODUCT_NAME = "$(TARGET_NAME)";
			};
			name = Release;
		};
/* End XCBuildConfiguration section */

/* Begin XCConfigurationList section */
		5727F1A11B07EBA500A6966F /* Build configuration list for PBXProject "lvc" */ = {
			isa = XCConfigurationList;
			buildConfigurations = (
				5727F1AB1B07EBA500A6966F /* Debug */,
				5727F1AC1B07EBA500A6966F /* Release */,
			);
			defaultConfigurationIsVisible = 0;
			defaultConfigurationName = Release;
		};
		5727F1AD1B07EBA500A6966F /* Build configuration list for PBXNativeTarget "lvc" */ = {
			isa = XCConfigurationList;
			buildConfigurations = (
				5727F1AE1B07EBA500A6966F /* Debug */,
				5727F1AF1B07EBA500A6966F /* Release */,
			);
			defaultConfigurationIsVisible = 0;
			defaultConfigurationName = Release;
		};
		57334D091B12382B00085754 /* Build configuration list for PBXNativeTarget "lexertest" */ = {
			isa = XCConfigurationList;
			buildConfigurations = (
				57334D0A1B12382B00085754 /* Debug */,
				57334D0B1B12382B00085754 /* Release */,
			);
			defaultConfigurationIsVisible = 0;
			defaultConfigurationName = Release;
		};
		573AAA0C1B2C3CA100E84844 /* Build configuration list for PBXNativeTarget "irtest" */ = {
			isa = XCConfigurationList;
			buildConfigurations = (
				573AAA0D1B2C3CA100E84844 /* Debug */,
				573AAA0E1B2C3CA100E84844 /* Release */,
			);
			defaultConfigurationIsVisible = 0;
		};
		5752E2C91B2320A70087DD1E /* Build configuration list for PBXNativeTarget "parsertest" */ = {
			isa = XCConfigurationList;
			buildConfigurations = (
				5752E2C71B2320A70087DD1E /* Debug */,
				5752E2C81B2320A70087DD1E /* Release */,
			);
			defaultConfigurationIsVisible = 0;
			defaultConfigurationName = Release;
		};
		5752E2D61B2487930087DD1E /* Build configuration list for PBXNativeTarget "lexerbuffertest" */ = {
			isa = XCConfigurationList;
			buildConfigurations = (
				5752E2D71B2487930087DD1E /* Debug */,
				5752E2D81B2487930087DD1E /* Release */,
			);
			defaultConfigurationIsVisible = 0;
			defaultConfigurationName = Release;
		};
		57ADD11A1B1B67A50031EB0F /* Build configuration list for PBXNativeTarget "asttest" */ = {
			isa = XCConfigurationList;
			buildConfigurations = (
				57ADD11B1B1B67A50031EB0F /* Debug */,
				57ADD11C1B1B67A50031EB0F /* Release */,
			);
			defaultConfigurationIsVisible = 0;
			defaultConfigurationName = Release;
		};
		57ADD12D1B1B68CF0031EB0F /* Build configuration list for PBXNativeTarget "llvmplayground" */ = {
			isa = XCConfigurationList;
			buildConfigurations = (
				57ADD12E1B1B68CF0031EB0F /* Debug */,
				57ADD12F1B1B68CF0031EB0F /* Release */,
			);
			defaultConfigurationIsVisible = 0;
			defaultConfigurationName = Release;
		};
/* End XCConfigurationList section */
	};
	rootObject = 5727F19E1B07EBA500A6966F /* Project object */;
}
